{
  "nodes": {
    "kinestra": {
      "inputs": {
        "nixpkgs": "nixpkgs"
      },
      "locked": {
        "lastModified": 1788577505,
        "narHash": "sha256-GMHabp+fChj4ZZee51VwgpITd1T4FYjj67vYm/Pa0GU=",
        "owner": "Yazelix",
        "repo": "kinestra",
        "rev": "a7ca134d9c47f660e2a3f59d64f2225382fba9cd",
        "type": "github"
      },
      "original": {
        "owner": "Yazelix",
        "repo": "kinestra",
        "type": "github"
      }
    },
    "nixpkgs": {
      "locked": {
        "lastModified": 1780030872,
        "narHash": "sha256-u6WU/yd/o8iYQrHX3RAwO1hYa3LkoSL+WNQD0rJfJZQ=",
        "owner": "NixOS",
        "repo": "nixpkgs",
        "rev": "e9a7635a57597d9754eccebdfc7045e6c8600e6b",
        "type": "github"
      },
      "original": {
        "owner": "NixOS",
        "repo": "nixpkgs",
        "rev": "e9a7635a57597d9754eccebdfc7045e6c8600e6b",
        "type": "github"
      }
    },
    "root": {
      "inputs": {
        "kinestra": "kinestra"
      }
    }
  },
  "root": "root",
  "version": 7
}
